
Microsoft Visual Studio Solution File, Format Version 12.00
# Visual Studio Version 17
VisualStudioVersion = 17.0.32014.148
MinimumVisualStudioVersion = 10.0.40219.1
Project("{9A19103F-16F7-4668-BE54-9A1E7A4F7556}") = "KafkaProducer.Api", "KafkaProducer.Api\KafkaProducer.Api.csproj", "{02DFA70A-4848-437A-BD3B-1395BCB6690F}"
EndProject
Project("{9A19103F-16F7-4668-BE54-9A1E7A4F7556}") = "KafkaConsumer.Worker", "KafkaConsumer.Worker\KafkaConsumer.Worker.csproj", "{4612E1CE-81F2-47F4-B066-6235E9E7DF39}"
EndProject
Project("{FAE04EC0-301F-11D3-BF4B-00C04F79EFBC}") = "DBridge.Messaging.KafkaProducer", "DBridge.Messaging.KafkaProducer\DBridge.Messaging.KafkaProducer.csproj", "{B40D49E1-066E-48A3-B62A-11A4460AAB86}"
EndProject
Project("{FAE04EC0-301F-11D3-BF4B-00C04F79EFBC}") = "DBridge.Messaging.KafkaConsumer", "DBridge.Messaging.KafkaConsumer\DBridge.Messaging.KafkaConsumer.csproj", "{BF1897A8-26DD-4D7E-9FBF-0FB221E042E2}"
EndProject
Global
	GlobalSection(SolutionConfigurationPlatforms) = preSolution
		Debug|Any CPU = Debug|Any CPU
		Release|Any CPU = Release|Any CPU
	EndGlobalSection
	GlobalSection(ProjectConfigurationPlatforms) = postSolution
		{02DFA70A-4848-437A-BD3B-1395BCB6690F}.Debug|Any CPU.ActiveCfg = Debug|Any CPU
		{02DFA70A-4848-437A-BD3B-1395BCB6690F}.Debug|Any CPU.Build.0 = Debug|Any CPU
		{02DFA70A-4848-437A-BD3B-1395BCB6690F}.Release|Any CPU.ActiveCfg = Release|Any CPU
		{02DFA70A-4848-437A-BD3B-1395BCB6690F}.Release|Any CPU.Build.0 = Release|Any CPU
		{4612E1CE-81F2-47F4-B066-6235E9E7DF39}.Debug|Any CPU.ActiveCfg = Debug|Any CPU
		{4612E1CE-81F2-47F4-B066-6235E9E7DF39}.Debug|Any CPU.Build.0 = Debug|Any CPU
		{4612E1CE-81F2-47F4-B066-6235E9E7DF39}.Release|Any CPU.ActiveCfg = Release|Any CPU
		{4612E1CE-81F2-47F4-B066-6235E9E7DF39}.Release|Any CPU.Build.0 = Release|Any CPU
		{B40D49E1-066E-48A3-B62A-11A4460AAB86}.Debug|Any CPU.ActiveCfg = Debug|Any CPU
		{B40D49E1-066E-48A3-B62A-11A4460AAB86}.Debug|Any CPU.Build.0 = Debug|Any CPU
		{B40D49E1-066E-48A3-B62A-11A4460AAB86}.Release|Any CPU.ActiveCfg = Release|Any CPU
		{B40D49E1-066E-48A3-B62A-11A4460AAB86}.Release|Any CPU.Build.0 = Release|Any CPU
		{BF1897A8-26DD-4D7E-9FBF-0FB221E042E2}.Debug|Any CPU.ActiveCfg = Debug|Any CPU
		{BF1897A8-26DD-4D7E-9FBF-0FB221E042E2}.Debug|Any CPU.Build.0 = Debug|Any CPU
		{BF1897A8-26DD-4D7E-9FBF-0FB221E042E2}.Release|Any CPU.ActiveCfg = Release|Any CPU
		{BF1897A8-26DD-4D7E-9FBF-0FB221E042E2}.Release|Any CPU.Build.0 = Release|Any CPU
	EndGlobalSection
	GlobalSection(SolutionProperties) = preSolution
		HideSolutionNode = FALSE
	EndGlobalSection
	GlobalSection(ExtensibilityGlobals) = postSolution
		SolutionGuid = {E1F8D69C-287F-4380-A21D-95225D22D287}
	EndGlobalSection
EndGlobal
